
Microsoft Visual Studio Solution File, Format Version 12.00
# Visual Studio Version 17
VisualStudioVersion = 17.8.34309.116
MinimumVisualStudioVersion = 10.0.40219.1
Project("{9A19103F-16F7-4668-BE54-9A1E7A4F7556}") = "Sales.Shared", "Sales.Shared\Sales.Shared.csproj", "{B485A8FA-F2C8-4667-A6BF-DFDE8289342C}"
EndProject
Project("{9A19103F-16F7-4668-BE54-9A1E7A4F7556}") = "Sales.WEB", "Sales.WEB\Sales.WEB.csproj", "{4C088F0A-2EE9-46C9-86B5-91B6C150A1CC}"
EndProject
Project("{9A19103F-16F7-4668-BE54-9A1E7A4F7556}") = "Sales.API", "Sales.API\Sales.API.csproj", "{CD038F9E-2BEC-4FCF-B86F-98711007413F}"
EndProject
Global
	GlobalSection(SolutionConfigurationPlatforms) = preSolution
		Debug|Any CPU = Debug|Any CPU
		Release|Any CPU = Release|Any CPU
	EndGlobalSection
	GlobalSection(ProjectConfigurationPlatforms) = postSolution
		{B485A8FA-F2C8-4667-A6BF-DFDE8289342C}.Debug|Any CPU.ActiveCfg = Debug|Any CPU
		{B485A8FA-F2C8-4667-A6BF-DFDE8289342C}.Debug|Any CPU.Build.0 = Debug|Any CPU
		{B485A8FA-F2C8-4667-A6BF-DFDE8289342C}.Release|Any CPU.ActiveCfg = Release|Any CPU
		{B485A8FA-F2C8-4667-A6BF-DFDE8289342C}.Release|Any CPU.Build.0 = Release|Any CPU
		{4C088F0A-2EE9-46C9-86B5-91B6C150A1CC}.Debug|Any CPU.ActiveCfg = Debug|Any CPU
		{4C088F0A-2EE9-46C9-86B5-91B6C150A1CC}.Debug|Any CPU.Build.0 = Debug|Any CPU
		{4C088F0A-2EE9-46C9-86B5-91B6C150A1CC}.Release|Any CPU.ActiveCfg = Release|Any CPU
		{4C088F0A-2EE9-46C9-86B5-91B6C150A1CC}.Release|Any CPU.Build.0 = Release|Any CPU
		{CD038F9E-2BEC-4FCF-B86F-98711007413F}.Debug|Any CPU.ActiveCfg = Debug|Any CPU
		{CD038F9E-2BEC-4FCF-B86F-98711007413F}.Debug|Any CPU.Build.0 = Debug|Any CPU
		{CD038F9E-2BEC-4FCF-B86F-98711007413F}.Release|Any CPU.ActiveCfg = Release|Any CPU
		{CD038F9E-2BEC-4FCF-B86F-98711007413F}.Release|Any CPU.Build.0 = Release|Any CPU
	EndGlobalSection
	GlobalSection(SolutionProperties) = preSolution
		HideSolutionNode = FALSE
	EndGlobalSection
	GlobalSection(ExtensibilityGlobals) = postSolution
		SolutionGuid = {225D808D-5EC0-43AA-8D15-9CE9266DA904}
	EndGlobalSection
EndGlobal
