
Microsoft Visual Studio Solution File, Format Version 12.00
# Visual Studio Version 17
VisualStudioVersion = 17.8.34309.116
MinimumVisualStudioVersion = 10.0.40219.1
Project("{FAE04EC0-301F-11D3-BF4B-00C04F79EFBC}") = "Sales.Shared", "Sales.Shared\Sales.Shared.csproj", "{B485A8FA-F2C8-4667-A6BF-DFDE8289342C}"
EndProject
Project("{FAE04EC0-301F-11D3-BF4B-00C04F79EFBC}") = "Sales.API", "Sales.API\Sales.API.csproj", "{6338882B-B23B-4661-A2F9-2486BBE28D78}"
EndProject
Project("{FAE04EC0-301F-11D3-BF4B-00C04F79EFBC}") = "Sales.WEB", "Sales.WEB\Sales.WEB.csproj", "{4C088F0A-2EE9-46C9-86B5-91B6C150A1CC}"
EndProject
Global
	GlobalSection(SolutionConfigurationPlatforms) = preSolution
		Debug|Any CPU = Debug|Any CPU
		Release|Any CPU = Release|Any CPU
	EndGlobalSection
	GlobalSection(ProjectConfigurationPlatforms) = postSolution
		{B485A8FA-F2C8-4667-A6BF-DFDE8289342C}.Debug|Any CPU.ActiveCfg = Debug|Any CPU
		{B485A8FA-F2C8-4667-A6BF-DFDE8289342C}.Debug|Any CPU.Build.0 = Debug|Any CPU
		{B485A8FA-F2C8-4667-A6BF-DFDE8289342C}.Release|Any CPU.ActiveCfg = Release|Any CPU
		{B485A8FA-F2C8-4667-A6BF-DFDE8289342C}.Release|Any CPU.Build.0 = Release|Any CPU
		{6338882B-B23B-4661-A2F9-2486BBE28D78}.Debug|Any CPU.ActiveCfg = Debug|Any CPU
		{6338882B-B23B-4661-A2F9-2486BBE28D78}.Debug|Any CPU.Build.0 = Debug|Any CPU
		{6338882B-B23B-4661-A2F9-2486BBE28D78}.Release|Any CPU.ActiveCfg = Release|Any CPU
		{6338882B-B23B-4661-A2F9-2486BBE28D78}.Release|Any CPU.Build.0 = Release|Any CPU
		{4C088F0A-2EE9-46C9-86B5-91B6C150A1CC}.Debug|Any CPU.ActiveCfg = Debug|Any CPU
		{4C088F0A-2EE9-46C9-86B5-91B6C150A1CC}.Debug|Any CPU.Build.0 = Debug|Any CPU
		{4C088F0A-2EE9-46C9-86B5-91B6C150A1CC}.Release|Any CPU.ActiveCfg = Release|Any CPU
		{4C088F0A-2EE9-46C9-86B5-91B6C150A1CC}.Release|Any CPU.Build.0 = Release|Any CPU
	EndGlobalSection
	GlobalSection(SolutionProperties) = preSolution
		HideSolutionNode = FALSE
	EndGlobalSection
	GlobalSection(ExtensibilityGlobals) = postSolution
		SolutionGuid = {225D808D-5EC0-43AA-8D15-9CE9266DA904}
	EndGlobalSection
EndGlobal
