
Microsoft Visual Studio Solution File, Format Version 12.00
# Visual Studio Version 17
VisualStudioVersion = 17.8.34309.116
MinimumVisualStudioVersion = 10.0.40219.1
Project("{FAE04EC0-301F-11D3-BF4B-00C04F79EFBC}") = "WebApiExample", "WebApiExample.csproj", "{AA20BE72-B468-4F10-8320-5CF6381AC95C}"
EndProject
Global
	GlobalSection(SolutionConfigurationPlatforms) = preSolution
		Debug|Any CPU = Debug|Any CPU
		Release|Any CPU = Release|Any CPU
	EndGlobalSection
	GlobalSection(ProjectConfigurationPlatforms) = postSolution
		{AA20BE72-B468-4F10-8320-5CF6381AC95C}.Debug|Any CPU.ActiveCfg = Debug|Any CPU
		{AA20BE72-B468-4F10-8320-5CF6381AC95C}.Debug|Any CPU.Build.0 = Debug|Any CPU
		{AA20BE72-B468-4F10-8320-5CF6381AC95C}.Release|Any CPU.ActiveCfg = Release|Any CPU
		{AA20BE72-B468-4F10-8320-5CF6381AC95C}.Release|Any CPU.Build.0 = Release|Any CPU
	EndGlobalSection
	GlobalSection(SolutionProperties) = preSolution
		HideSolutionNode = FALSE
	EndGlobalSection
	GlobalSection(ExtensibilityGlobals) = postSolution
		SolutionGuid = {AC6555C6-0A5A-430B-B7AA-23EB47C18AE5}
	EndGlobalSection
EndGlobal
